{
  "name": "WeDriveGrowth.github.io",
  "lockfileVersion": 2,
  "requires": true,
  "packages": {
    "": {
      "dependencies": {
        "bayz-gems-api": "^0.1.3"
      }
    },
    "node_modules/bayz-gems-api": {
      "version": "0.1.3",
      "resolved": "https://registry.npmjs.org/bayz-gems-api/-/bayz-gems-api-0.1.3.tgz",
      "integrity": "sha512-5okk9Md3ccRCzybLHNy/f68Tc9fOmSZtmP3k9NXxaMSnWnQ0Sjbp9K3VKIxmsI16JTMs9l0LtAvlQcatRydEiw=="
    }
  },
  "dependencies": {
    "bayz-gems-api": {
      "version": "0.1.3",
      "resolved": "https://registry.npmjs.org/bayz-gems-api/-/bayz-gems-api-0.1.3.tgz",
      "integrity": "sha512-5okk9Md3ccRCzybLHNy/f68Tc9fOmSZtmP3k9NXxaMSnWnQ0Sjbp9K3VKIxmsI16JTMs9l0LtAvlQcatRydEiw=="
    }
  }
}
